// !$*UTF8*$!
{
	archiveVersion = 1;
	classes = {
	};
	objectVersion = 46;
	objects = {

/* Begin PBXBuildFile section */
		1F36FC23AAF4509C4A836FCB /* libPods-TBannerViewDemo.a in Frameworks */ = {isa = PBXBuildFile; fileRef = 95B946EF444C6BC6189EDBCA /* libPods-TBannerViewDemo.a */; };
		89735FE81AA6C7C5005D04EB /* main.m in Sources */ = {isa = PBXBuildFile; fileRef = 89735FE71AA6C7C5005D04EB /* main.m */; };
		89735FEB1AA6C7C5005D04EB /* AppDelegate.m in Sources */ = {isa = PBXBuildFile; fileRef = 89735FEA1AA6C7C5005D04EB /* AppDelegate.m */; };
		89735FEE1AA6C7C5005D04EB /* ViewController.m in Sources */ = {isa = PBXBuildFile; fileRef = 89735FED1AA6C7C5005D04EB /* ViewController.m */; };
		89735FF11AA6C7C5005D04EB /* Main.storyboard in Resources */ = {isa = PBXBuildFile; fileRef = 89735FEF1AA6C7C5005D04EB /* Main.storyboard */; };
		89735FF31AA6C7C5005D04EB /* Images.xcassets in Resources */ = {isa = PBXBuildFile; fileRef = 89735FF21AA6C7C5005D04EB /* Images.xcassets */; };
		89735FF61AA6C7C5005D04EB /* LaunchScreen.xib in Resources */ = {isa = PBXBuildFile; fileRef = 89735FF41AA6C7C5005D04EB /* LaunchScreen.xib */; };
		897360021AA6C7C5005D04EB /* TBannerViewDemoTests.m in Sources */ = {isa = PBXBuildFile; fileRef = 897360011AA6C7C5005D04EB /* TBannerViewDemoTests.m */; };
		8973600E1AA6C855005D04EB /* TBannerView.m in Sources */ = {isa = PBXBuildFile; fileRef = 8973600D1AA6C855005D04EB /* TBannerView.m */; };
/* End PBXBuildFile section */

/* Begin PBXContainerItemProxy section */
		89735FFC1AA6C7C5005D04EB /* PBXContainerItemProxy */ = {
			isa = PBXContainerItemProxy;
			containerPortal = 89735FDA1AA6C7C5005D04EB /* Project object */;
			proxyType = 1;
			remoteGlobalIDString = 89735FE11AA6C7C5005D04EB;
			remoteInfo = TBannerViewDemo;
		};
/* End PBXContainerItemProxy section */

/* Begin PBXFileReference section */
		0F7CE82D8B1F9805AA9CD5F9 /* Pods-TBannerViewDemo.debug.xcconfig */ = {isa = PBXFileReference; includeInIndex = 1; lastKnownFileType = text.xcconfig; name = "Pods-TBannerViewDemo.debug.xcconfig"; path = "Pods/Target Support Files/Pods-TBannerViewDemo/Pods-TBannerViewDemo.debug.xcconfig"; sourceTree = "<group>"; };
		89735FE21AA6C7C5005D04EB /* TBannerViewDemo.app */ = {isa = PBXFileReference; explicitFileType = wrapper.application; includeInIndex = 0; path = TBannerViewDemo.app; sourceTree = BUILT_PRODUCTS_DIR; };
		89735FE61AA6C7C5005D04EB /* Info.plist */ = {isa = PBXFileReference; lastKnownFileType = text.plist.xml; path = Info.plist; sourceTree = "<group>"; };
		89735FE71AA6C7C5005D04EB /* main.m */ = {isa = PBXFileReference; lastKnownFileType = sourcecode.c.objc; path = main.m; sourceTree = "<group>"; };
		89735FE91AA6C7C5005D04EB /* AppDelegate.h */ = {isa = PBXFileReference; lastKnownFileType = sourcecode.c.h; path = AppDelegate.h; sourceTree = "<group>"; };
		89735FEA1AA6C7C5005D04EB /* AppDelegate.m */ = {isa = PBXFileReference; lastKnownFileType = sourcecode.c.objc; path = AppDelegate.m; sourceTree = "<group>"; };
		89735FEC1AA6C7C5005D04EB /* ViewController.h */ = {isa = PBXFileReference; lastKnownFileType = sourcecode.c.h; path = ViewController.h; sourceTree = "<group>"; };
		89735FED1AA6C7C5005D04EB /* ViewController.m */ = {isa = PBXFileReference; lastKnownFileType = sourcecode.c.objc; path = ViewController.m; sourceTree = "<group>"; };
		89735FF01AA6C7C5005D04EB /* Base */ = {isa = PBXFileReference; lastKnownFileType = file.storyboard; name = Base; path = Base.lproj/Main.storyboard; sourceTree = "<group>"; };
		89735FF21AA6C7C5005D04EB /* Images.xcassets */ = {isa = PBXFileReference; lastKnownFileType = folder.assetcatalog; path = Images.xcassets; sourceTree = "<group>"; };
		89735FF51AA6C7C5005D04EB /* Base */ = {isa = PBXFileReference; lastKnownFileType = file.xib; name = Base; path = Base.lproj/LaunchScreen.xib; sourceTree = "<group>"; };
		89735FFB1AA6C7C5005D04EB /* TBannerViewDemoTests.xctest */ = {isa = PBXFileReference; explicitFileType = wrapper.cfbundle; includeInIndex = 0; path = TBannerViewDemoTests.xctest; sourceTree = BUILT_PRODUCTS_DIR; };
		897360001AA6C7C5005D04EB /* Info.plist */ = {isa = PBXFileReference; lastKnownFileType = text.plist.xml; path = Info.plist; sourceTree = "<group>"; };
		897360011AA6C7C5005D04EB /* TBannerViewDemoTests.m */ = {isa = PBXFileReference; lastKnownFileType = sourcecode.c.objc; path = TBannerViewDemoTests.m; sourceTree = "<group>"; };
		8973600C1AA6C855005D04EB /* TBannerView.h */ = {isa = PBXFileReference; fileEncoding = 4; lastKnownFileType = sourcecode.c.h; name = TBannerView.h; path = ../TBannerView/TBannerView.h; sourceTree = "<group>"; };
		8973600D1AA6C855005D04EB /* TBannerView.m */ = {isa = PBXFileReference; fileEncoding = 4; lastKnownFileType = sourcecode.c.objc; name = TBannerView.m; path = ../TBannerView/TBannerView.m; sourceTree = "<group>"; };
		95B946EF444C6BC6189EDBCA /* libPods-TBannerViewDemo.a */ = {isa = PBXFileReference; explicitFileType = archive.ar; includeInIndex = 0; path = "libPods-TBannerViewDemo.a"; sourceTree = BUILT_PRODUCTS_DIR; };
		D2F4E7925CE0CCFD5CF2AD3D /* Pods-TBannerViewDemo.release.xcconfig */ = {isa = PBXFileReference; includeInIndex = 1; lastKnownFileType = text.xcconfig; name = "Pods-TBannerViewDemo.release.xcconfig"; path = "Pods/Target Support Files/Pods-TBannerViewDemo/Pods-TBannerViewDemo.release.xcconfig"; sourceTree = "<group>"; };
/* End PBXFileReference section */

/* Begin PBXFrameworksBuildPhase section */
		89735FDF1AA6C7C5005D04EB /* Frameworks */ = {
			isa = PBXFrameworksBuildPhase;
			buildActionMask = 2147483647;
			files = (
				1F36FC23AAF4509C4A836FCB /* libPods-TBannerViewDemo.a in Frameworks */,
			);
			runOnlyForDeploymentPostprocessing = 0;
		};
		89735FF81AA6C7C5005D04EB /* Frameworks */ = {
			isa = PBXFrameworksBuildPhase;
			buildActionMask = 2147483647;
			files = (
			);
			runOnlyForDeploymentPostprocessing = 0;
		};
/* End PBXFrameworksBuildPhase section */

/* Begin PBXGroup section */
		029AD80FF4CCB0E3B9024B4A /* Frameworks */ = {
			isa = PBXGroup;
			children = (
				95B946EF444C6BC6189EDBCA /* libPods-TBannerViewDemo.a */,
			);
			name = Frameworks;
			sourceTree = "<group>";
		};
		1D70BF2451A9E8C56B503C2E /* Pods */ = {
			isa = PBXGroup;
			children = (
				0F7CE82D8B1F9805AA9CD5F9 /* Pods-TBannerViewDemo.debug.xcconfig */,
				D2F4E7925CE0CCFD5CF2AD3D /* Pods-TBannerViewDemo.release.xcconfig */,
			);
			name = Pods;
			sourceTree = "<group>";
		};
		89735FD91AA6C7C5005D04EB = {
			isa = PBXGroup;
			children = (
				8973600B1AA6C7CC005D04EB /* TBannerView */,
				89735FE41AA6C7C5005D04EB /* TBannerViewDemo */,
				89735FFE1AA6C7C5005D04EB /* TBannerViewDemoTests */,
				89735FE31AA6C7C5005D04EB /* Products */,
				1D70BF2451A9E8C56B503C2E /* Pods */,
				029AD80FF4CCB0E3B9024B4A /* Frameworks */,
			);
			sourceTree = "<group>";
		};
		89735FE31AA6C7C5005D04EB /* Products */ = {
			isa = PBXGroup;
			children = (
				89735FE21AA6C7C5005D04EB /* TBannerViewDemo.app */,
				89735FFB1AA6C7C5005D04EB /* TBannerViewDemoTests.xctest */,
			);
			name = Products;
			sourceTree = "<group>";
		};
		89735FE41AA6C7C5005D04EB /* TBannerViewDemo */ = {
			isa = PBXGroup;
			children = (
				89735FE91AA6C7C5005D04EB /* AppDelegate.h */,
				89735FEA1AA6C7C5005D04EB /* AppDelegate.m */,
				89735FEC1AA6C7C5005D04EB /* ViewController.h */,
				89735FED1AA6C7C5005D04EB /* ViewController.m */,
				89735FEF1AA6C7C5005D04EB /* Main.storyboard */,
				89735FF21AA6C7C5005D04EB /* Images.xcassets */,
				89735FF41AA6C7C5005D04EB /* LaunchScreen.xib */,
				89735FE51AA6C7C5005D04EB /* Supporting Files */,
			);
			path = TBannerViewDemo;
			sourceTree = "<group>";
		};
		89735FE51AA6C7C5005D04EB /* Supporting Files */ = {
			isa = PBXGroup;
			children = (
				89735FE61AA6C7C5005D04EB /* Info.plist */,
				89735FE71AA6C7C5005D04EB /* main.m */,
			);
			name = "Supporting Files";
			sourceTree = "<group>";
		};
		89735FFE1AA6C7C5005D04EB /* TBannerViewDemoTests */ = {
			isa = PBXGroup;
			children = (
				897360011AA6C7C5005D04EB /* TBannerViewDemoTests.m */,
				89735FFF1AA6C7C5005D04EB /* Supporting Files */,
			);
			path = TBannerViewDemoTests;
			sourceTree = "<group>";
		};
		89735FFF1AA6C7C5005D04EB /* Supporting Files */ = {
			isa = PBXGroup;
			children = (
				897360001AA6C7C5005D04EB /* Info.plist */,
			);
			name = "Supporting Files";
			sourceTree = "<group>";
		};
		8973600B1AA6C7CC005D04EB /* TBannerView */ = {
			isa = PBXGroup;
			children = (
				8973600C1AA6C855005D04EB /* TBannerView.h */,
				8973600D1AA6C855005D04EB /* TBannerView.m */,
			);
			name = TBannerView;
			sourceTree = "<group>";
		};
/* End PBXGroup section */

/* Begin PBXNativeTarget section */
		89735FE11AA6C7C5005D04EB /* TBannerViewDemo */ = {
			isa = PBXNativeTarget;
			buildConfigurationList = 897360051AA6C7C5005D04EB /* Build configuration list for PBXNativeTarget "TBannerViewDemo" */;
			buildPhases = (
				2388DD2DF97607330E542B60 /* Check Pods Manifest.lock */,
				89735FDE1AA6C7C5005D04EB /* Sources */,
				89735FDF1AA6C7C5005D04EB /* Frameworks */,
				89735FE01AA6C7C5005D04EB /* Resources */,
				ECFED6AA1B9D2F46C7B2333A /* Copy Pods Resources */,
			);
			buildRules = (
			);
			dependencies = (
			);
			name = TBannerViewDemo;
			productName = TBannerViewDemo;
			productReference = 89735FE21AA6C7C5005D04EB /* TBannerViewDemo.app */;
			productType = "com.apple.product-type.application";
		};
		89735FFA1AA6C7C5005D04EB /* TBannerViewDemoTests */ = {
			isa = PBXNativeTarget;
			buildConfigurationList = 897360081AA6C7C5005D04EB /* Build configuration list for PBXNativeTarget "TBannerViewDemoTests" */;
			buildPhases = (
				89735FF71AA6C7C5005D04EB /* Sources */,
				89735FF81AA6C7C5005D04EB /* Frameworks */,
				89735FF91AA6C7C5005D04EB /* Resources */,
			);
			buildRules = (
			);
			dependencies = (
				89735FFD1AA6C7C5005D04EB /* PBXTargetDependency */,
			);
			name = TBannerViewDemoTests;
			productName = TBannerViewDemoTests;
			productReference = 89735FFB1AA6C7C5005D04EB /* TBannerViewDemoTests.xctest */;
			productType = "com.apple.product-type.bundle.unit-test";
		};
/* End PBXNativeTarget section */

/* Begin PBXProject section */
		89735FDA1AA6C7C5005D04EB /* Project object */ = {
			isa = PBXProject;
			attributes = {
				LastUpgradeCheck = 0610;
				ORGANIZATIONNAME = Tulakshana;
				TargetAttributes = {
					89735FE11AA6C7C5005D04EB = {
						CreatedOnToolsVersion = 6.1.1;
					};
					89735FFA1AA6C7C5005D04EB = {
						CreatedOnToolsVersion = 6.1.1;
						TestTargetID = 89735FE11AA6C7C5005D04EB;
					};
				};
			};
			buildConfigurationList = 89735FDD1AA6C7C5005D04EB /* Build configuration list for PBXProject "TBannerViewDemo" */;
			compatibilityVersion = "Xcode 3.2";
			developmentRegion = English;
			hasScannedForEncodings = 0;
			knownRegions = (
				en,
				Base,
			);
			mainGroup = 89735FD91AA6C7C5005D04EB;
			productRefGroup = 89735FE31AA6C7C5005D04EB /* Products */;
			projectDirPath = "";
			projectRoot = "";
			targets = (
				89735FE11AA6C7C5005D04EB /* TBannerViewDemo */,
				89735FFA1AA6C7C5005D04EB /* TBannerViewDemoTests */,
			);
		};
/* End PBXProject section */

/* Begin PBXResourcesBuildPhase section */
		89735FE01AA6C7C5005D04EB /* Resources */ = {
			isa = PBXResourcesBuildPhase;
			buildActionMask = 2147483647;
			files = (
				89735FF11AA6C7C5005D04EB /* Main.storyboard in Resources */,
				89735FF61AA6C7C5005D04EB /* LaunchScreen.xib in Resources */,
				89735FF31AA6C7C5005D04EB /* Images.xcassets in Resources */,
			);
			runOnlyForDeploymentPostprocessing = 0;
		};
		89735FF91AA6C7C5005D04EB /* Resources */ = {
			isa = PBXResourcesBuildPhase;
			buildActionMask = 2147483647;
			files = (
			);
			runOnlyForDeploymentPostprocessing = 0;
		};
/* End PBXResourcesBuildPhase section */

/* Begin PBXShellScriptBuildPhase section */
		2388DD2DF97607330E542B60 /* Check Pods Manifest.lock */ = {
			isa = PBXShellScriptBuildPhase;
			buildActionMask = 2147483647;
			files = (
			);
			inputPaths = (
			);
			name = "Check Pods Manifest.lock";
			outputPaths = (
			);
			runOnlyForDeploymentPostprocessing = 0;
			shellPath = /bin/sh;
			shellScript = "diff \"${PODS_ROOT}/../Podfile.lock\" \"${PODS_ROOT}/Manifest.lock\" > /dev/null\nif [[ $? != 0 ]] ; then\n    cat << EOM\nerror: The sandbox is not in sync with the Podfile.lock. Run 'pod install' or update your CocoaPods installation.\nEOM\n    exit 1\nfi\n";
			showEnvVarsInLog = 0;
		};
		ECFED6AA1B9D2F46C7B2333A /* Copy Pods Resources */ = {
			isa = PBXShellScriptBuildPhase;
			buildActionMask = 2147483647;
			files = (
			);
			inputPaths = (
			);
			name = "Copy Pods Resources";
			outputPaths = (
			);
			runOnlyForDeploymentPostprocessing = 0;
			shellPath = /bin/sh;
			shellScript = "\"${SRCROOT}/Pods/Target Support Files/Pods-TBannerViewDemo/Pods-TBannerViewDemo-resources.sh\"\n";
			showEnvVarsInLog = 0;
		};
/* End PBXShellScriptBuildPhase section */

/* Begin PBXSourcesBuildPhase section */
		89735FDE1AA6C7C5005D04EB /* Sources */ = {
			isa = PBXSourcesBuildPhase;
			buildActionMask = 2147483647;
			files = (
				89735FEE1AA6C7C5005D04EB /* ViewController.m in Sources */,
				8973600E1AA6C855005D04EB /* TBannerView.m in Sources */,
				89735FEB1AA6C7C5005D04EB /* AppDelegate.m in Sources */,
				89735FE81AA6C7C5005D04EB /* main.m in Sources */,
			);
			runOnlyForDeploymentPostprocessing = 0;
		};
		89735FF71AA6C7C5005D04EB /* Sources */ = {
			isa = PBXSourcesBuildPhase;
			buildActionMask = 2147483647;
			files = (
				897360021AA6C7C5005D04EB /* TBannerViewDemoTests.m in Sources */,
			);
			runOnlyForDeploymentPostprocessing = 0;
		};
/* End PBXSourcesBuildPhase section */

/* Begin PBXTargetDependency section */
		89735FFD1AA6C7C5005D04EB /* PBXTargetDependency */ = {
			isa = PBXTargetDependency;
			target = 89735FE11AA6C7C5005D04EB /* TBannerViewDemo */;
			targetProxy = 89735FFC1AA6C7C5005D04EB /* PBXContainerItemProxy */;
		};
/* End PBXTargetDependency section */

/* Begin PBXVariantGroup section */
		89735FEF1AA6C7C5005D04EB /* Main.storyboard */ = {
			isa = PBXVariantGroup;
			children = (
				89735FF01AA6C7C5005D04EB /* Base */,
			);
			name = Main.storyboard;
			sourceTree = "<group>";
		};
		89735FF41AA6C7C5005D04EB /* LaunchScreen.xib */ = {
			isa = PBXVariantGroup;
			children = (
				89735FF51AA6C7C5005D04EB /* Base */,
			);
			name = LaunchScreen.xib;
			sourceTree = "<group>";
		};
/* End PBXVariantGroup section */

/* Begin XCBuildConfiguration section */
		897360031AA6C7C5005D04EB /* Debug */ = {
			isa = XCBuildConfiguration;
			buildSettings = {
				ALWAYS_SEARCH_USER_PATHS = NO;
				CLANG_CXX_LANGUAGE_STANDARD = "gnu++0x";
				CLANG_CXX_LIBRARY = "libc++";
				CLANG_ENABLE_MODULES = YES;
				CLANG_ENABLE_OBJC_ARC = YES;
				CLANG_WARN_BOOL_CONVERSION = YES;
				CLANG_WARN_CONSTANT_CONVERSION = YES;
				CLANG_WARN_DIRECT_OBJC_ISA_USAGE = YES_ERROR;
				CLANG_WARN_EMPTY_BODY = YES;
				CLANG_WARN_ENUM_CONVERSION = YES;
				CLANG_WARN_INT_CONVERSION = YES;
				CLANG_WARN_OBJC_ROOT_CLASS = YES_ERROR;
				CLANG_WARN_UNREACHABLE_CODE = YES;
				CLANG_WARN__DUPLICATE_METHOD_MATCH = YES;
				"CODE_SIGN_IDENTITY[sdk=iphoneos*]" = "iPhone Developer";
				COPY_PHASE_STRIP = NO;
				ENABLE_STRICT_OBJC_MSGSEND = YES;
				GCC_C_LANGUAGE_STANDARD = gnu99;
				GCC_DYNAMIC_NO_PIC = NO;
				GCC_OPTIMIZATION_LEVEL = 0;
				GCC_PREPROCESSOR_DEFINITIONS = (
					"DEBUG=1",
					"$(inherited)",
				);
				GCC_SYMBOLS_PRIVATE_EXTERN = NO;
				GCC_WARN_64_TO_32_BIT_CONVERSION = YES;
				GCC_WARN_ABOUT_RETURN_TYPE = YES_ERROR;
				GCC_WARN_UNDECLARED_SELECTOR = YES;
				GCC_WARN_UNINITIALIZED_AUTOS = YES_AGGRESSIVE;
				GCC_WARN_UNUSED_FUNCTION = YES;
				GCC_WARN_UNUSED_VARIABLE = YES;
				IPHONEOS_DEPLOYMENT_TARGET = 8.1;
				MTL_ENABLE_DEBUG_INFO = YES;
				ONLY_ACTIVE_ARCH = YES;
				SDKROOT = iphoneos;
			};
			name = Debug;
		};
		897360041AA6C7C5005D04EB /* Release */ = {
			isa = XCBuildConfiguration;
			buildSettings = {
				ALWAYS_SEARCH_USER_PATHS = NO;
				CLANG_CXX_LANGUAGE_STANDARD = "gnu++0x";
				CLANG_CXX_LIBRARY = "libc++";
				CLANG_ENABLE_MODULES = YES;
				CLANG_ENABLE_OBJC_ARC = YES;
				CLANG_WARN_BOOL_CONVERSION = YES;
				CLANG_WARN_CONSTANT_CONVERSION = YES;
				CLANG_WARN_DIRECT_OBJC_ISA_USAGE = YES_ERROR;
				CLANG_WARN_EMPTY_BODY = YES;
				CLANG_WARN_ENUM_CONVERSION = YES;
				CLANG_WARN_INT_CONVERSION = YES;
				CLANG_WARN_OBJC_ROOT_CLASS = YES_ERROR;
				CLANG_WARN_UNREACHABLE_CODE = YES;
				CLANG_WARN__DUPLICATE_METHOD_MATCH = YES;
				"CODE_SIGN_IDENTITY[sdk=iphoneos*]" = "iPhone Developer";
				COPY_PHASE_STRIP = YES;
				ENABLE_NS_ASSERTIONS = NO;
				ENABLE_STRICT_OBJC_MSGSEND = YES;
				GCC_C_LANGUAGE_STANDARD = gnu99;
				GCC_WARN_64_TO_32_BIT_CONVERSION = YES;
				GCC_WARN_ABOUT_RETURN_TYPE = YES_ERROR;
				GCC_WARN_UNDECLARED_SELECTOR = YES;
				GCC_WARN_UNINITIALIZED_AUTOS = YES_AGGRESSIVE;
				GCC_WARN_UNUSED_FUNCTION = YES;
				GCC_WARN_UNUSED_VARIABLE = YES;
				IPHONEOS_DEPLOYMENT_TARGET = 8.1;
				MTL_ENABLE_DEBUG_INFO = NO;
				SDKROOT = iphoneos;
				VALIDATE_PRODUCT = YES;
			};
			name = Release;
		};
		897360061AA6C7C5005D04EB /* Debug */ = {
			isa = XCBuildConfiguration;
			baseConfigurationReference = 0F7CE82D8B1F9805AA9CD5F9 /* Pods-TBannerViewDemo.debug.xcconfig */;
			buildSettings = {
				ASSETCATALOG_COMPILER_APPICON_NAME = AppIcon;
				INFOPLIST_FILE = TBannerViewDemo/Info.plist;
				LD_RUNPATH_SEARCH_PATHS = "$(inherited) @executable_path/Frameworks";
				PRODUCT_NAME = "$(TARGET_NAME)";
			};
			name = Debug;
		};
		897360071AA6C7C5005D04EB /* Release */ = {
			isa = XCBuildConfiguration;
			baseConfigurationReference = D2F4E7925CE0CCFD5CF2AD3D /* Pods-TBannerViewDemo.release.xcconfig */;
			buildSettings = {
				ASSETCATALOG_COMPILER_APPICON_NAME = AppIcon;
				INFOPLIST_FILE = TBannerViewDemo/Info.plist;
				LD_RUNPATH_SEARCH_PATHS = "$(inherited) @executable_path/Frameworks";
				PRODUCT_NAME = "$(TARGET_NAME)";
			};
			name = Release;
		};
		897360091AA6C7C5005D04EB /* Debug */ = {
			isa = XCBuildConfiguration;
			buildSettings = {
				BUNDLE_LOADER = "$(TEST_HOST)";
				FRAMEWORK_SEARCH_PATHS = (
					"$(SDKROOT)/Developer/Library/Frameworks",
					"$(inherited)",
				);
				GCC_PREPROCESSOR_DEFINITIONS = (
					"DEBUG=1",
					"$(inherited)",
				);
				INFOPLIST_FILE = TBannerViewDemoTests/Info.plist;
				LD_RUNPATH_SEARCH_PATHS = "$(inherited) @executable_path/Frameworks @loader_path/Frameworks";
				PRODUCT_NAME = "$(TARGET_NAME)";
				TEST_HOST = "$(BUILT_PRODUCTS_DIR)/TBannerViewDemo.app/TBannerViewDemo";
			};
			name = Debug;
		};
		8973600A1AA6C7C5005D04EB /* Release */ = {
			isa = XCBuildConfiguration;
			buildSettings = {
				BUNDLE_LOADER = "$(TEST_HOST)";
				FRAMEWORK_SEARCH_PATHS = (
					"$(SDKROOT)/Developer/Library/Frameworks",
					"$(inherited)",
				);
				INFOPLIST_FILE = TBannerViewDemoTests/Info.plist;
				LD_RUNPATH_SEARCH_PATHS = "$(inherited) @executable_path/Frameworks @loader_path/Frameworks";
				PRODUCT_NAME = "$(TARGET_NAME)";
				TEST_HOST = "$(BUILT_PRODUCTS_DIR)/TBannerViewDemo.app/TBannerViewDemo";
			};
			name = Release;
		};
/* End XCBuildConfiguration section */

/* Begin XCConfigurationList section */
		89735FDD1AA6C7C5005D04EB /* Build configuration list for PBXProject "TBannerViewDemo" */ = {
			isa = XCConfigurationList;
			buildConfigurations = (
				897360031AA6C7C5005D04EB /* Debug */,
				897360041AA6C7C5005D04EB /* Release */,
			);
			defaultConfigurationIsVisible = 0;
			defaultConfigurationName = Release;
		};
		897360051AA6C7C5005D04EB /* Build configuration list for PBXNativeTarget "TBannerViewDemo" */ = {
			isa = XCConfigurationList;
			buildConfigurations = (
				897360061AA6C7C5005D04EB /* Debug */,
				897360071AA6C7C5005D04EB /* Release */,
			);
			defaultConfigurationIsVisible = 0;
			defaultConfigurationName = Release;
		};
		897360081AA6C7C5005D04EB /* Build configuration list for PBXNativeTarget "TBannerViewDemoTests" */ = {
			isa = XCConfigurationList;
			buildConfigurations = (
				897360091AA6C7C5005D04EB /* Debug */,
				8973600A1AA6C7C5005D04EB /* Release */,
			);
			defaultConfigurationIsVisible = 0;
			defaultConfigurationName = Release;
		};
/* End XCConfigurationList section */
	};
	rootObject = 89735FDA1AA6C7C5005D04EB /* Project object */;
}
